
Microsoft Visual Studio Solution File, Format Version 12.00
# Visual Studio 15
VisualStudioVersion = 15.0.28307.1145
MinimumVisualStudioVersion = 10.0.40219.1
Project("{FAE04EC0-301F-11D3-BF4B-00C04F79EFBC}") = "PredictCOVID", "PredictCOVID\PredictCOVID.csproj", "{0A4A576E-AA95-49C4-B0EC-81294B14B6AA}"
EndProject
Global
	GlobalSection(SolutionConfigurationPlatforms) = preSolution
		Debug|Any CPU = Debug|Any CPU
		Release|Any CPU = Release|Any CPU
	EndGlobalSection
	GlobalSection(ProjectConfigurationPlatforms) = postSolution
		{0A4A576E-AA95-49C4-B0EC-81294B14B6AA}.Debug|Any CPU.ActiveCfg = Debug|Any CPU
		{0A4A576E-AA95-49C4-B0EC-81294B14B6AA}.Debug|Any CPU.Build.0 = Debug|Any CPU
		{0A4A576E-AA95-49C4-B0EC-81294B14B6AA}.Release|Any CPU.ActiveCfg = Release|Any CPU
		{0A4A576E-AA95-49C4-B0EC-81294B14B6AA}.Release|Any CPU.Build.0 = Release|Any CPU
	EndGlobalSection
	GlobalSection(SolutionProperties) = preSolution
		HideSolutionNode = FALSE
	EndGlobalSection
	GlobalSection(ExtensibilityGlobals) = postSolution
		SolutionGuid = {871C658B-41F6-4E3A-A710-A51BD38E067F}
	EndGlobalSection
EndGlobal
